[root]
name = "d2d1test-rs"
version = "0.1.0"
dependencies = [
 "d2d1-sys 0.0.1",
 "kernel32-sys 0.1.4",
 "user32-sys 0.1.2",
 "winapi 0.2.2",
]

[[package]]
name = "d2d1-sys"
version = "0.0.1"
dependencies = [
 "winapi 0.2.2",
 "winapi-build 0.1.1",
]

[[package]]
name = "kernel32-sys"
version = "0.1.4"
dependencies = [
 "winapi 0.2.2",
 "winapi-build 0.1.1",
]

[[package]]
name = "user32-sys"
version = "0.1.2"
dependencies = [
 "winapi 0.2.2",
 "winapi-build 0.1.1",
]

[[package]]
name = "winapi"
version = "0.2.2"

[[package]]
name = "winapi-build"
version = "0.1.1"

